{
  "name": "@shiro/fetch",
  "lockfileVersion": 3,
  "requires": true,
  "packages": {
    "": {
      "name": "@shiro/fetch",
      "dependencies": {
        "@shiro/fetch": "file:"
      },
      "devDependencies": {}
    },
    "node_modules/@shiro/fetch": {
      "resolved": "",
      "link": true
    }
  }
}
