{
  "name": "next-runtime-env",
  "lockfileVersion": 3,
  "requires": true,
  "packages": {
    "": {
      "name": "next-runtime-env",
      "dependencies": {
        "next-runtime-env": "file:"
      }
    },
    "node_modules/next-runtime-env": {
      "resolved": "",
      "link": true
    }
  }
}
